
Microsoft Visual Studio Solution File, Format Version 12.00
# Visual Studio 15
VisualStudioVersion = 15.0.28307.421
MinimumVisualStudioVersion = 10.0.40219.1
Project("{FAE04EC0-301F-11D3-BF4B-00C04F79EFBC}") = "PRACTICE.API", "PRACTICE.API\PRACTICE.API.csproj", "{58228109-31D8-4043-9B7F-3D5A55859C3B}"
EndProject
Project("{FAE04EC0-301F-11D3-BF4B-00C04F79EFBC}") = "PRACTICE.CLIENT", "PRACTICE.CLIENT\PRACTICE.CLIENT.csproj", "{29E0A3C7-7B95-48B8-8FC5-BD6A81142D57}"
EndProject
Project("{FAE04EC0-301F-11D3-BF4B-00C04F79EFBC}") = "PRACTICE.ADMIN", "PRACTICE.ADMIN\PRACTICE.ADMIN.csproj", "{DCA194AA-A798-4FC5-BBC1-DDD471DAAF8A}"
EndProject
Project("{FAE04EC0-301F-11D3-BF4B-00C04F79EFBC}") = "PRACTICE.MODEL", "PRACTICE.MODEL\PRACTICE.MODEL.csproj", "{B33B2A47-A2B3-44A2-911A-92B8ED640DE9}"
EndProject
Project("{FAE04EC0-301F-11D3-BF4B-00C04F79EFBC}") = "PRACTICE.REPOSITORY", "PRACTICE.REPOSITORY\PRACTICE.REPOSITORY.csproj", "{0AE66845-2AAE-4010-9F1E-43DB00527951}"
EndProject
Project("{FAE04EC0-301F-11D3-BF4B-00C04F79EFBC}") = "PRACTICE.HELPERS", "PRACTICE.HELPERS\PRACTICE.HELPERS.csproj", "{3A1B9B7E-D41C-49D8-88D0-4E520358F7C4}"
EndProject
Project("{FAE04EC0-301F-11D3-BF4B-00C04F79EFBC}") = "PRACTICE.CORE", "PRACTICE.CORE\PRACTICE.CORE.csproj", "{B74409F0-BE3E-4854-9833-A4A5D4320B66}"
EndProject
Project("{FAE04EC0-301F-11D3-BF4B-00C04F79EFBC}") = "PRACTICE.ENUM", "PRACTICE.ENUM\PRACTICE.ENUM.csproj", "{3C91C911-E26D-4418-8D23-2691E8F8359F}"
EndProject
Global
	GlobalSection(SolutionConfigurationPlatforms) = preSolution
		Debug|Any CPU = Debug|Any CPU
		Release|Any CPU = Release|Any CPU
	EndGlobalSection
	GlobalSection(ProjectConfigurationPlatforms) = postSolution
		{58228109-31D8-4043-9B7F-3D5A55859C3B}.Debug|Any CPU.ActiveCfg = Debug|Any CPU
		{58228109-31D8-4043-9B7F-3D5A55859C3B}.Debug|Any CPU.Build.0 = Debug|Any CPU
		{58228109-31D8-4043-9B7F-3D5A55859C3B}.Release|Any CPU.ActiveCfg = Release|Any CPU
		{58228109-31D8-4043-9B7F-3D5A55859C3B}.Release|Any CPU.Build.0 = Release|Any CPU
		{29E0A3C7-7B95-48B8-8FC5-BD6A81142D57}.Debug|Any CPU.ActiveCfg = Debug|Any CPU
		{29E0A3C7-7B95-48B8-8FC5-BD6A81142D57}.Debug|Any CPU.Build.0 = Debug|Any CPU
		{29E0A3C7-7B95-48B8-8FC5-BD6A81142D57}.Release|Any CPU.ActiveCfg = Release|Any CPU
		{29E0A3C7-7B95-48B8-8FC5-BD6A81142D57}.Release|Any CPU.Build.0 = Release|Any CPU
		{DCA194AA-A798-4FC5-BBC1-DDD471DAAF8A}.Debug|Any CPU.ActiveCfg = Debug|Any CPU
		{DCA194AA-A798-4FC5-BBC1-DDD471DAAF8A}.Debug|Any CPU.Build.0 = Debug|Any CPU
		{DCA194AA-A798-4FC5-BBC1-DDD471DAAF8A}.Release|Any CPU.ActiveCfg = Release|Any CPU
		{DCA194AA-A798-4FC5-BBC1-DDD471DAAF8A}.Release|Any CPU.Build.0 = Release|Any CPU
		{B33B2A47-A2B3-44A2-911A-92B8ED640DE9}.Debug|Any CPU.ActiveCfg = Debug|Any CPU
		{B33B2A47-A2B3-44A2-911A-92B8ED640DE9}.Debug|Any CPU.Build.0 = Debug|Any CPU
		{B33B2A47-A2B3-44A2-911A-92B8ED640DE9}.Release|Any CPU.ActiveCfg = Release|Any CPU
		{B33B2A47-A2B3-44A2-911A-92B8ED640DE9}.Release|Any CPU.Build.0 = Release|Any CPU
		{0AE66845-2AAE-4010-9F1E-43DB00527951}.Debug|Any CPU.ActiveCfg = Debug|Any CPU
		{0AE66845-2AAE-4010-9F1E-43DB00527951}.Debug|Any CPU.Build.0 = Debug|Any CPU
		{0AE66845-2AAE-4010-9F1E-43DB00527951}.Release|Any CPU.ActiveCfg = Release|Any CPU
		{0AE66845-2AAE-4010-9F1E-43DB00527951}.Release|Any CPU.Build.0 = Release|Any CPU
		{3A1B9B7E-D41C-49D8-88D0-4E520358F7C4}.Debug|Any CPU.ActiveCfg = Debug|Any CPU
		{3A1B9B7E-D41C-49D8-88D0-4E520358F7C4}.Debug|Any CPU.Build.0 = Debug|Any CPU
		{3A1B9B7E-D41C-49D8-88D0-4E520358F7C4}.Release|Any CPU.ActiveCfg = Release|Any CPU
		{3A1B9B7E-D41C-49D8-88D0-4E520358F7C4}.Release|Any CPU.Build.0 = Release|Any CPU
		{B74409F0-BE3E-4854-9833-A4A5D4320B66}.Debug|Any CPU.ActiveCfg = Debug|Any CPU
		{B74409F0-BE3E-4854-9833-A4A5D4320B66}.Debug|Any CPU.Build.0 = Debug|Any CPU
		{B74409F0-BE3E-4854-9833-A4A5D4320B66}.Release|Any CPU.ActiveCfg = Release|Any CPU
		{B74409F0-BE3E-4854-9833-A4A5D4320B66}.Release|Any CPU.Build.0 = Release|Any CPU
		{3C91C911-E26D-4418-8D23-2691E8F8359F}.Debug|Any CPU.ActiveCfg = Debug|Any CPU
		{3C91C911-E26D-4418-8D23-2691E8F8359F}.Debug|Any CPU.Build.0 = Debug|Any CPU
		{3C91C911-E26D-4418-8D23-2691E8F8359F}.Release|Any CPU.ActiveCfg = Release|Any CPU
		{3C91C911-E26D-4418-8D23-2691E8F8359F}.Release|Any CPU.Build.0 = Release|Any CPU
	EndGlobalSection
	GlobalSection(SolutionProperties) = preSolution
		HideSolutionNode = FALSE
	EndGlobalSection
	GlobalSection(ExtensibilityGlobals) = postSolution
		SolutionGuid = {E2A5814B-4D95-45BB-B6C0-ECEA017370AF}
	EndGlobalSection
EndGlobal
